
Microsoft Visual Studio Solution File, Format Version 12.00
# Visual Studio Version 17
VisualStudioVersion = 17.8.34330.188
MinimumVisualStudioVersion = 10.0.40219.1
Project("{9A19103F-16F7-4668-BE54-9A1E7A4F7556}") = "Library.Ui", "Library.Ui\Library.Ui.csproj", "{52C38B4A-B2D3-4FA7-BDA1-80A99DF9A342}"
EndProject
Project("{FAE04EC0-301F-11D3-BF4B-00C04F79EFBC}") = "Library.Infrastructure", "Library.Infrastructure\Library.Infrastructure.csproj", "{75AF892D-8427-49A6-9DC3-C41AA05DB3DE}"
EndProject
Project("{FAE04EC0-301F-11D3-BF4B-00C04F79EFBC}") = "Library.Model", "Library.Model\Library.Model.csproj", "{FA581135-087F-4353-A563-78D839CA74DE}"
EndProject
Global
	GlobalSection(SolutionConfigurationPlatforms) = preSolution
		Debug|Any CPU = Debug|Any CPU
		Release|Any CPU = Release|Any CPU
	EndGlobalSection
	GlobalSection(ProjectConfigurationPlatforms) = postSolution
		{52C38B4A-B2D3-4FA7-BDA1-80A99DF9A342}.Debug|Any CPU.ActiveCfg = Debug|Any CPU
		{52C38B4A-B2D3-4FA7-BDA1-80A99DF9A342}.Debug|Any CPU.Build.0 = Debug|Any CPU
		{52C38B4A-B2D3-4FA7-BDA1-80A99DF9A342}.Release|Any CPU.ActiveCfg = Release|Any CPU
		{52C38B4A-B2D3-4FA7-BDA1-80A99DF9A342}.Release|Any CPU.Build.0 = Release|Any CPU
		{75AF892D-8427-49A6-9DC3-C41AA05DB3DE}.Debug|Any CPU.ActiveCfg = Debug|Any CPU
		{75AF892D-8427-49A6-9DC3-C41AA05DB3DE}.Debug|Any CPU.Build.0 = Debug|Any CPU
		{75AF892D-8427-49A6-9DC3-C41AA05DB3DE}.Release|Any CPU.ActiveCfg = Release|Any CPU
		{75AF892D-8427-49A6-9DC3-C41AA05DB3DE}.Release|Any CPU.Build.0 = Release|Any CPU
		{FA581135-087F-4353-A563-78D839CA74DE}.Debug|Any CPU.ActiveCfg = Debug|Any CPU
		{FA581135-087F-4353-A563-78D839CA74DE}.Debug|Any CPU.Build.0 = Debug|Any CPU
		{FA581135-087F-4353-A563-78D839CA74DE}.Release|Any CPU.ActiveCfg = Release|Any CPU
		{FA581135-087F-4353-A563-78D839CA74DE}.Release|Any CPU.Build.0 = Release|Any CPU
	EndGlobalSection
	GlobalSection(SolutionProperties) = preSolution
		HideSolutionNode = FALSE
	EndGlobalSection
	GlobalSection(ExtensibilityGlobals) = postSolution
		SolutionGuid = {D12A71C5-CC83-4276-A329-B23E3BF1EDD8}
	EndGlobalSection
EndGlobal
